// !$*UTF8*$!
{
	archiveVersion = 1;
	classes = {
	};
	objectVersion = 46;
	objects = {

/* Begin PBXBuildFile section */
		BE673EA31DD703D400891117 /* Board.swift in Sources */ = {isa = PBXBuildFile; fileRef = BE673EA21DD703D400891117 /* Board.swift */; };
		BE673EA71DD7921300891117 /* MenuViewController.swift in Sources */ = {isa = PBXBuildFile; fileRef = BE673EA61DD7921300891117 /* MenuViewController.swift */; };
		BEDD9FF91DD6D7C700995D89 /* DoublePlayerUIViewController.swift in Sources */ = {isa = PBXBuildFile; fileRef = BEDD9FF81DD6D7C700995D89 /* DoublePlayerUIViewController.swift */; };
		BEDEFA521DD6C3BE005D81B1 /* AppDelegate.swift in Sources */ = {isa = PBXBuildFile; fileRef = BEDEFA511DD6C3BE005D81B1 /* AppDelegate.swift */; };
		BEDEFA541DD6C3BE005D81B1 /* ChessViewController.swift in Sources */ = {isa = PBXBuildFile; fileRef = BEDEFA531DD6C3BE005D81B1 /* ChessViewController.swift */; };
		BEDEFA571DD6C3BE005D81B1 /* Main.storyboard in Resources */ = {isa = PBXBuildFile; fileRef = BEDEFA551DD6C3BE005D81B1 /* Main.storyboard */; };
		BEDEFA591DD6C3BE005D81B1 /* Assets.xcassets in Resources */ = {isa = PBXBuildFile; fileRef = BEDEFA581DD6C3BE005D81B1 /* Assets.xcassets */; };
		BEDEFA5C1DD6C3BE005D81B1 /* LaunchScreen.storyboard in Resources */ = {isa = PBXBuildFile; fileRef = BEDEFA5A1DD6C3BE005D81B1 /* LaunchScreen.storyboard */; };
/* End PBXBuildFile section */

/* Begin PBXFileReference section */
		BE673EA21DD703D400891117 /* Board.swift */ = {isa = PBXFileReference; fileEncoding = 4; lastKnownFileType = sourcecode.swift; path = Board.swift; sourceTree = "<group>"; };
		BE673EA61DD7921300891117 /* MenuViewController.swift */ = {isa = PBXFileReference; fileEncoding = 4; lastKnownFileType = sourcecode.swift; path = MenuViewController.swift; sourceTree = "<group>"; };
		BEDD9FF81DD6D7C700995D89 /* DoublePlayerUIViewController.swift */ = {isa = PBXFileReference; fileEncoding = 4; lastKnownFileType = sourcecode.swift; path = DoublePlayerUIViewController.swift; sourceTree = "<group>"; };
		BEDEFA4E1DD6C3BE005D81B1 /* Chess.app */ = {isa = PBXFileReference; explicitFileType = wrapper.application; includeInIndex = 0; path = Chess.app; sourceTree = BUILT_PRODUCTS_DIR; };
		BEDEFA511DD6C3BE005D81B1 /* AppDelegate.swift */ = {isa = PBXFileReference; lastKnownFileType = sourcecode.swift; path = AppDelegate.swift; sourceTree = "<group>"; };
		BEDEFA531DD6C3BE005D81B1 /* ChessViewController.swift */ = {isa = PBXFileReference; lastKnownFileType = sourcecode.swift; path = ChessViewController.swift; sourceTree = "<group>"; };
		BEDEFA561DD6C3BE005D81B1 /* Base */ = {isa = PBXFileReference; lastKnownFileType = file.storyboard; name = Base; path = Base.lproj/Main.storyboard; sourceTree = "<group>"; };
		BEDEFA581DD6C3BE005D81B1 /* Assets.xcassets */ = {isa = PBXFileReference; lastKnownFileType = folder.assetcatalog; path = Assets.xcassets; sourceTree = "<group>"; };
		BEDEFA5B1DD6C3BE005D81B1 /* Base */ = {isa = PBXFileReference; lastKnownFileType = file.storyboard; name = Base; path = Base.lproj/LaunchScreen.storyboard; sourceTree = "<group>"; };
		BEDEFA5D1DD6C3BE005D81B1 /* Info.plist */ = {isa = PBXFileReference; lastKnownFileType = text.plist.xml; path = Info.plist; sourceTree = "<group>"; };
/* End PBXFileReference section */

/* Begin PBXFrameworksBuildPhase section */
		BEDEFA4B1DD6C3BE005D81B1 /* Frameworks */ = {
			isa = PBXFrameworksBuildPhase;
			buildActionMask = 2147483647;
			files = (
			);
			runOnlyForDeploymentPostprocessing = 0;
		};
/* End PBXFrameworksBuildPhase section */

/* Begin PBXGroup section */
		BE2E252C1DD6C51700D1F991 /* Supporting Files */ = {
			isa = PBXGroup;
			children = (
				BEDEFA511DD6C3BE005D81B1 /* AppDelegate.swift */,
				BEDEFA581DD6C3BE005D81B1 /* Assets.xcassets */,
				BEDEFA5A1DD6C3BE005D81B1 /* LaunchScreen.storyboard */,
				BEDEFA5D1DD6C3BE005D81B1 /* Info.plist */,
			);
			name = "Supporting Files";
			sourceTree = "<group>";
		};
		BEDEFA451DD6C3BE005D81B1 = {
			isa = PBXGroup;
			children = (
				BEDEFA501DD6C3BE005D81B1 /* Chess */,
				BEDEFA4F1DD6C3BE005D81B1 /* Products */,
			);
			sourceTree = "<group>";
		};
		BEDEFA4F1DD6C3BE005D81B1 /* Products */ = {
			isa = PBXGroup;
			children = (
				BEDEFA4E1DD6C3BE005D81B1 /* Chess.app */,
			);
			name = Products;
			sourceTree = "<group>";
		};
		BEDEFA501DD6C3BE005D81B1 /* Chess */ = {
			isa = PBXGroup;
			children = (
				BE2E252C1DD6C51700D1F991 /* Supporting Files */,
				BEDEFA531DD6C3BE005D81B1 /* ChessViewController.swift */,
				BE673EA61DD7921300891117 /* MenuViewController.swift */,
				BE673EA21DD703D400891117 /* Board.swift */,
				BEDD9FF81DD6D7C700995D89 /* DoublePlayerUIViewController.swift */,
				BEDEFA551DD6C3BE005D81B1 /* Main.storyboard */,
			);
			path = Chess;
			sourceTree = "<group>";
		};
/* End PBXGroup section */

/* Begin PBXNativeTarget section */
		BEDEFA4D1DD6C3BE005D81B1 /* Chess */ = {
			isa = PBXNativeTarget;
			buildConfigurationList = BEDEFA601DD6C3BE005D81B1 /* Build configuration list for PBXNativeTarget "Chess" */;
			buildPhases = (
				BEDEFA4A1DD6C3BE005D81B1 /* Sources */,
				BEDEFA4B1DD6C3BE005D81B1 /* Frameworks */,
				BEDEFA4C1DD6C3BE005D81B1 /* Resources */,
			);
			buildRules = (
			);
			dependencies = (
			);
			name = Chess;
			productName = Chess;
			productReference = BEDEFA4E1DD6C3BE005D81B1 /* Chess.app */;
			productType = "com.apple.product-type.application";
		};
/* End PBXNativeTarget section */

/* Begin PBXProject section */
		BEDEFA461DD6C3BE005D81B1 /* Project object */ = {
			isa = PBXProject;
			attributes = {
				LastSwiftUpdateCheck = 0730;
				LastUpgradeCheck = 0730;
				ORGANIZATIONNAME = ken;
				TargetAttributes = {
					BEDEFA4D1DD6C3BE005D81B1 = {
						CreatedOnToolsVersion = 7.3.1;
						DevelopmentTeam = SJ32HF29L4;
					};
				};
			};
			buildConfigurationList = BEDEFA491DD6C3BE005D81B1 /* Build configuration list for PBXProject "Chess" */;
			compatibilityVersion = "Xcode 3.2";
			developmentRegion = English;
			hasScannedForEncodings = 0;
			knownRegions = (
				en,
				Base,
			);
			mainGroup = BEDEFA451DD6C3BE005D81B1;
			productRefGroup = BEDEFA4F1DD6C3BE005D81B1 /* Products */;
			projectDirPath = "";
			projectRoot = "";
			targets = (
				BEDEFA4D1DD6C3BE005D81B1 /* Chess */,
			);
		};
/* End PBXProject section */

/* Begin PBXResourcesBuildPhase section */
		BEDEFA4C1DD6C3BE005D81B1 /* Resources */ = {
			isa = PBXResourcesBuildPhase;
			buildActionMask = 2147483647;
			files = (
				BEDEFA5C1DD6C3BE005D81B1 /* LaunchScreen.storyboard in Resources */,
				BEDEFA591DD6C3BE005D81B1 /* Assets.xcassets in Resources */,
				BEDEFA571DD6C3BE005D81B1 /* Main.storyboard in Resources */,
			);
			runOnlyForDeploymentPostprocessing = 0;
		};
/* End PBXResourcesBuildPhase section */

/* Begin PBXSourcesBuildPhase section */
		BEDEFA4A1DD6C3BE005D81B1 /* Sources */ = {
			isa = PBXSourcesBuildPhase;
			buildActionMask = 2147483647;
			files = (
				BEDEFA541DD6C3BE005D81B1 /* ChessViewController.swift in Sources */,
				BE673EA71DD7921300891117 /* MenuViewController.swift in Sources */,
				BEDEFA521DD6C3BE005D81B1 /* AppDelegate.swift in Sources */,
				BE673EA31DD703D400891117 /* Board.swift in Sources */,
				BEDD9FF91DD6D7C700995D89 /* DoublePlayerUIViewController.swift in Sources */,
			);
			runOnlyForDeploymentPostprocessing = 0;
		};
/* End PBXSourcesBuildPhase section */

/* Begin PBXVariantGroup section */
		BEDEFA551DD6C3BE005D81B1 /* Main.storyboard */ = {
			isa = PBXVariantGroup;
			children = (
				BEDEFA561DD6C3BE005D81B1 /* Base */,
			);
			name = Main.storyboard;
			sourceTree = "<group>";
		};
		BEDEFA5A1DD6C3BE005D81B1 /* LaunchScreen.storyboard */ = {
			isa = PBXVariantGroup;
			children = (
				BEDEFA5B1DD6C3BE005D81B1 /* Base */,
			);
			name = LaunchScreen.storyboard;
			sourceTree = "<group>";
		};
/* End PBXVariantGroup section */

/* Begin XCBuildConfiguration section */
		BEDEFA5E1DD6C3BE005D81B1 /* Debug */ = {
			isa = XCBuildConfiguration;
			buildSettings = {
				ALWAYS_SEARCH_USER_PATHS = NO;
				CLANG_ANALYZER_NONNULL = YES;
				CLANG_CXX_LANGUAGE_STANDARD = "gnu++0x";
				CLANG_CXX_LIBRARY = "libc++";
				CLANG_ENABLE_MODULES = YES;
				CLANG_ENABLE_OBJC_ARC = YES;
				CLANG_WARN_BOOL_CONVERSION = YES;
				CLANG_WARN_CONSTANT_CONVERSION = YES;
				CLANG_WARN_DIRECT_OBJC_ISA_USAGE = YES_ERROR;
				CLANG_WARN_EMPTY_BODY = YES;
				CLANG_WARN_ENUM_CONVERSION = YES;
				CLANG_WARN_INT_CONVERSION = YES;
				CLANG_WARN_OBJC_ROOT_CLASS = YES_ERROR;
				CLANG_WARN_UNREACHABLE_CODE = YES;
				CLANG_WARN__DUPLICATE_METHOD_MATCH = YES;
				"CODE_SIGN_IDENTITY[sdk=iphoneos*]" = "iPhone Developer";
				COPY_PHASE_STRIP = NO;
				DEBUG_INFORMATION_FORMAT = dwarf;
				ENABLE_STRICT_OBJC_MSGSEND = YES;
				ENABLE_TESTABILITY = YES;
				GCC_C_LANGUAGE_STANDARD = gnu99;
				GCC_DYNAMIC_NO_PIC = NO;
				GCC_NO_COMMON_BLOCKS = YES;
				GCC_OPTIMIZATION_LEVEL = 0;
				GCC_PREPROCESSOR_DEFINITIONS = (
					"DEBUG=1",
					"$(inherited)",
				);
				GCC_WARN_64_TO_32_BIT_CONVERSION = YES;
				GCC_WARN_ABOUT_RETURN_TYPE = YES_ERROR;
				GCC_WARN_UNDECLARED_SELECTOR = YES;
				GCC_WARN_UNINITIALIZED_AUTOS = YES_AGGRESSIVE;
				GCC_WARN_UNUSED_FUNCTION = YES;
				GCC_WARN_UNUSED_VARIABLE = YES;
				IPHONEOS_DEPLOYMENT_TARGET = 9.3;
				MTL_ENABLE_DEBUG_INFO = YES;
				ONLY_ACTIVE_ARCH = YES;
				SDKROOT = iphoneos;
				SWIFT_OPTIMIZATION_LEVEL = "-Onone";
				TARGETED_DEVICE_FAMILY = "1,2";
			};
			name = Debug;
		};
		BEDEFA5F1DD6C3BE005D81B1 /* Release */ = {
			isa = XCBuildConfiguration;
			buildSettings = {
				ALWAYS_SEARCH_USER_PATHS = NO;
				CLANG_ANALYZER_NONNULL = YES;
				CLANG_CXX_LANGUAGE_STANDARD = "gnu++0x";
				CLANG_CXX_LIBRARY = "libc++";
				CLANG_ENABLE_MODULES = YES;
				CLANG_ENABLE_OBJC_ARC = YES;
				CLANG_WARN_BOOL_CONVERSION = YES;
				CLANG_WARN_CONSTANT_CONVERSION = YES;
				CLANG_WARN_DIRECT_OBJC_ISA_USAGE = YES_ERROR;
				CLANG_WARN_EMPTY_BODY = YES;
				CLANG_WARN_ENUM_CONVERSION = YES;
				CLANG_WARN_INT_CONVERSION = YES;
				CLANG_WARN_OBJC_ROOT_CLASS = YES_ERROR;
				CLANG_WARN_UNREACHABLE_CODE = YES;
				CLANG_WARN__DUPLICATE_METHOD_MATCH = YES;
				"CODE_SIGN_IDENTITY[sdk=iphoneos*]" = "iPhone Developer";
				COPY_PHASE_STRIP = NO;
				DEBUG_INFORMATION_FORMAT = "dwarf-with-dsym";
				ENABLE_NS_ASSERTIONS = NO;
				ENABLE_STRICT_OBJC_MSGSEND = YES;
				GCC_C_LANGUAGE_STANDARD = gnu99;
				GCC_NO_COMMON_BLOCKS = YES;
				GCC_WARN_64_TO_32_BIT_CONVERSION = YES;
				GCC_WARN_ABOUT_RETURN_TYPE = YES_ERROR;
				GCC_WARN_UNDECLARED_SELECTOR = YES;
				GCC_WARN_UNINITIALIZED_AUTOS = YES_AGGRESSIVE;
				GCC_WARN_UNUSED_FUNCTION = YES;
				GCC_WARN_UNUSED_VARIABLE = YES;
				IPHONEOS_DEPLOYMENT_TARGET = 9.3;
				MTL_ENABLE_DEBUG_INFO = NO;
				SDKROOT = iphoneos;
				TARGETED_DEVICE_FAMILY = "1,2";
				VALIDATE_PRODUCT = YES;
			};
			name = Release;
		};
		BEDEFA611DD6C3BE005D81B1 /* Debug */ = {
			isa = XCBuildConfiguration;
			buildSettings = {
				ASSETCATALOG_COMPILER_APPICON_NAME = AppIcon;
				CODE_SIGN_IDENTITY = "iPhone Developer";
				"CODE_SIGN_IDENTITY[sdk=iphoneos*]" = "iPhone Developer";
				INFOPLIST_FILE = Chess/Info.plist;
				LD_RUNPATH_SEARCH_PATHS = "$(inherited) @executable_path/Frameworks";
				PRODUCT_BUNDLE_IDENTIFIER = kenyang.Chess;
				PRODUCT_NAME = "$(TARGET_NAME)";
				PROVISIONING_PROFILE = "";
			};
			name = Debug;
		};
		BEDEFA621DD6C3BE005D81B1 /* Release */ = {
			isa = XCBuildConfiguration;
			buildSettings = {
				ASSETCATALOG_COMPILER_APPICON_NAME = AppIcon;
				CODE_SIGN_IDENTITY = "iPhone Developer";
				"CODE_SIGN_IDENTITY[sdk=iphoneos*]" = "iPhone Developer";
				INFOPLIST_FILE = Chess/Info.plist;
				LD_RUNPATH_SEARCH_PATHS = "$(inherited) @executable_path/Frameworks";
				PRODUCT_BUNDLE_IDENTIFIER = kenyang.Chess;
				PRODUCT_NAME = "$(TARGET_NAME)";
				PROVISIONING_PROFILE = "";
			};
			name = Release;
		};
/* End XCBuildConfiguration section */

/* Begin XCConfigurationList section */
		BEDEFA491DD6C3BE005D81B1 /* Build configuration list for PBXProject "Chess" */ = {
			isa = XCConfigurationList;
			buildConfigurations = (
				BEDEFA5E1DD6C3BE005D81B1 /* Debug */,
				BEDEFA5F1DD6C3BE005D81B1 /* Release */,
			);
			defaultConfigurationIsVisible = 0;
			defaultConfigurationName = Release;
		};
		BEDEFA601DD6C3BE005D81B1 /* Build configuration list for PBXNativeTarget "Chess" */ = {
			isa = XCConfigurationList;
			buildConfigurations = (
				BEDEFA611DD6C3BE005D81B1 /* Debug */,
				BEDEFA621DD6C3BE005D81B1 /* Release */,
			);
			defaultConfigurationIsVisible = 0;
			defaultConfigurationName = Release;
		};
/* End XCConfigurationList section */
	};
	rootObject = BEDEFA461DD6C3BE005D81B1 /* Project object */;
}
